
Microsoft Visual Studio Solution File, Format Version 12.00
# Visual Studio Version 16
VisualStudioVersion = 16.0.31702.278
MinimumVisualStudioVersion = 10.0.40219.1
Project("{FAE04EC0-301F-11D3-BF4B-00C04F79EFBC}") = "AberturasSalta", "AberturasSalta\AberturasSalta.csproj", "{2A48B836-DE08-4555-9734-76FFF0121180}"
EndProject
Project("{FAE04EC0-301F-11D3-BF4B-00C04F79EFBC}") = "GiftGestion", "..\..\GIFT\GiftGestion\GiftGestion\GiftGestion.csproj", "{FB6E8ED3-3995-4C98-BF0B-E4FC48CCF9E4}"
EndProject
Project("{FAE04EC0-301F-11D3-BF4B-00C04F79EFBC}") = "Socco", "..\..\SOCCO\SoccoSoftware\socco\Socco\Socco.csproj", "{34282E4C-FF3A-4B75-A492-B130B8E01628}"
EndProject
Global
	GlobalSection(SolutionConfigurationPlatforms) = preSolution
		Debug|Any CPU = Debug|Any CPU
		Release|Any CPU = Release|Any CPU
	EndGlobalSection
	GlobalSection(ProjectConfigurationPlatforms) = postSolution
		{2A48B836-DE08-4555-9734-76FFF0121180}.Debug|Any CPU.ActiveCfg = Debug|Any CPU
		{2A48B836-DE08-4555-9734-76FFF0121180}.Debug|Any CPU.Build.0 = Debug|Any CPU
		{2A48B836-DE08-4555-9734-76FFF0121180}.Release|Any CPU.ActiveCfg = Release|Any CPU
		{2A48B836-DE08-4555-9734-76FFF0121180}.Release|Any CPU.Build.0 = Release|Any CPU
		{FB6E8ED3-3995-4C98-BF0B-E4FC48CCF9E4}.Debug|Any CPU.ActiveCfg = Debug|Any CPU
		{FB6E8ED3-3995-4C98-BF0B-E4FC48CCF9E4}.Debug|Any CPU.Build.0 = Debug|Any CPU
		{FB6E8ED3-3995-4C98-BF0B-E4FC48CCF9E4}.Release|Any CPU.ActiveCfg = Release|Any CPU
		{FB6E8ED3-3995-4C98-BF0B-E4FC48CCF9E4}.Release|Any CPU.Build.0 = Release|Any CPU
		{34282E4C-FF3A-4B75-A492-B130B8E01628}.Debug|Any CPU.ActiveCfg = Debug|Any CPU
		{34282E4C-FF3A-4B75-A492-B130B8E01628}.Debug|Any CPU.Build.0 = Debug|Any CPU
		{34282E4C-FF3A-4B75-A492-B130B8E01628}.Release|Any CPU.ActiveCfg = Release|Any CPU
		{34282E4C-FF3A-4B75-A492-B130B8E01628}.Release|Any CPU.Build.0 = Release|Any CPU
	EndGlobalSection
	GlobalSection(SolutionProperties) = preSolution
		HideSolutionNode = FALSE
	EndGlobalSection
	GlobalSection(ExtensibilityGlobals) = postSolution
		SolutionGuid = {41A4E7ED-CCA0-4360-A784-1D19609F5DBA}
	EndGlobalSection
EndGlobal
